
Microsoft Visual Studio Solution File, Format Version 12.00
Project("{FAE04EC0-301F-11D3-BF4B-00C04F79EFBC}") = "YetAnotherTodoApp.WebApp", "YetAnotherTodoApp.WebApp\YetAnotherTodoApp.WebApp.csproj", "{CD0CAA40-427D-457F-BBA8-7D5517E4027F}"
EndProject
Project("{2150E333-8FDC-42A3-9474-1A3956D46DE8}") = "Solution Items", "Solution Items", "{4D87B28B-3857-4383-943D-E84037372EEC}"
	ProjectSection(SolutionItems) = preProject
		Dockerfile = Dockerfile
		.dockerignore = .dockerignore
		.gitignore = .gitignore
		commands.md = commands.md
		Directory.Build.props = Directory.Build.props
		.env = .env
	EndProjectSection
EndProject
Project("{FAE04EC0-301F-11D3-BF4B-00C04F79EFBC}") = "YetAnotherTodoApp.Core", "YetAnotherTodoApp.Core\YetAnotherTodoApp.Core.csproj", "{A634A4DD-0AE5-4DBC-A730-08CE82ED042A}"
EndProject
Project("{FAE04EC0-301F-11D3-BF4B-00C04F79EFBC}") = "YetAnotherTodoApp.Data", "YetAnotherTodoApp.Data\YetAnotherTodoApp.Data.csproj", "{B0F50327-A2FA-40B4-B223-3942994E411D}"
EndProject
Project("{FAE04EC0-301F-11D3-BF4B-00C04F79EFBC}") = "YetAnotherTodoApp.Seeder", "YetAnotherTodoApp.Seeder\YetAnotherTodoApp.Seeder.csproj", "{7A02692D-1880-40DC-ADAD-3F56E069E326}"
EndProject
Global
	GlobalSection(SolutionConfigurationPlatforms) = preSolution
		Debug|Any CPU = Debug|Any CPU
		Release|Any CPU = Release|Any CPU
	EndGlobalSection
	GlobalSection(ProjectConfigurationPlatforms) = postSolution
		{CD0CAA40-427D-457F-BBA8-7D5517E4027F}.Debug|Any CPU.ActiveCfg = Debug|Any CPU
		{CD0CAA40-427D-457F-BBA8-7D5517E4027F}.Debug|Any CPU.Build.0 = Debug|Any CPU
		{CD0CAA40-427D-457F-BBA8-7D5517E4027F}.Release|Any CPU.ActiveCfg = Release|Any CPU
		{CD0CAA40-427D-457F-BBA8-7D5517E4027F}.Release|Any CPU.Build.0 = Release|Any CPU
		{A634A4DD-0AE5-4DBC-A730-08CE82ED042A}.Debug|Any CPU.ActiveCfg = Debug|Any CPU
		{A634A4DD-0AE5-4DBC-A730-08CE82ED042A}.Debug|Any CPU.Build.0 = Debug|Any CPU
		{A634A4DD-0AE5-4DBC-A730-08CE82ED042A}.Release|Any CPU.ActiveCfg = Release|Any CPU
		{A634A4DD-0AE5-4DBC-A730-08CE82ED042A}.Release|Any CPU.Build.0 = Release|Any CPU
		{B0F50327-A2FA-40B4-B223-3942994E411D}.Debug|Any CPU.ActiveCfg = Debug|Any CPU
		{B0F50327-A2FA-40B4-B223-3942994E411D}.Debug|Any CPU.Build.0 = Debug|Any CPU
		{B0F50327-A2FA-40B4-B223-3942994E411D}.Release|Any CPU.ActiveCfg = Release|Any CPU
		{B0F50327-A2FA-40B4-B223-3942994E411D}.Release|Any CPU.Build.0 = Release|Any CPU
		{7A02692D-1880-40DC-ADAD-3F56E069E326}.Debug|Any CPU.ActiveCfg = Debug|Any CPU
		{7A02692D-1880-40DC-ADAD-3F56E069E326}.Debug|Any CPU.Build.0 = Debug|Any CPU
		{7A02692D-1880-40DC-ADAD-3F56E069E326}.Release|Any CPU.ActiveCfg = Release|Any CPU
		{7A02692D-1880-40DC-ADAD-3F56E069E326}.Release|Any CPU.Build.0 = Release|Any CPU
	EndGlobalSection
EndGlobal
